
Microsoft Visual Studio Solution File, Format Version 12.00
# Visual Studio 2012
Project("{8BC9CEB8-8B4A-11D0-8D11-00A0C91BC942}") = "DungeonGenerator", "DungeonGenerator.vcxproj", "{2F5BD579-13B6-4D18-881C-1480C451F608}"
EndProject
Global
	GlobalSection(SolutionConfigurationPlatforms) = preSolution
		Debug|Win32 = Debug|Win32
		Release|Win32 = Release|Win32
	EndGlobalSection
	GlobalSection(ProjectConfigurationPlatforms) = postSolution
		{2F5BD579-13B6-4D18-881C-1480C451F608}.Debug|Win32.ActiveCfg = Debug|Win32
		{2F5BD579-13B6-4D18-881C-1480C451F608}.Debug|Win32.Build.0 = Debug|Win32
		{2F5BD579-13B6-4D18-881C-1480C451F608}.Release|Win32.ActiveCfg = Release|Win32
		{2F5BD579-13B6-4D18-881C-1480C451F608}.Release|Win32.Build.0 = Release|Win32
	EndGlobalSection
	GlobalSection(SolutionProperties) = preSolution
		HideSolutionNode = FALSE
	EndGlobalSection
EndGlobal
